
Microsoft Visual Studio Solution File, Format Version 12.00
# Visual Studio Version 16
VisualStudioVersion = 16.0.30517.126
MinimumVisualStudioVersion = 10.0.40219.1
Project("{888888A0-9F3D-457C-B088-3A5042F75D52}") = "First calc", "First calc\First calc.pyproj", "{F0E26CCA-185F-4DCD-8B19-9F59930784D6}"
EndProject
Global
	GlobalSection(SolutionConfigurationPlatforms) = preSolution
		Debug|Any CPU = Debug|Any CPU
		Release|Any CPU = Release|Any CPU
	EndGlobalSection
	GlobalSection(ProjectConfigurationPlatforms) = postSolution
		{F0E26CCA-185F-4DCD-8B19-9F59930784D6}.Debug|Any CPU.ActiveCfg = Debug|Any CPU
		{F0E26CCA-185F-4DCD-8B19-9F59930784D6}.Release|Any CPU.ActiveCfg = Release|Any CPU
	EndGlobalSection
	GlobalSection(SolutionProperties) = preSolution
		HideSolutionNode = FALSE
	EndGlobalSection
	GlobalSection(ExtensibilityGlobals) = postSolution
		SolutionGuid = {1ADEF62B-915C-4E56-B0C7-4FA459B93883}
	EndGlobalSection
EndGlobal
